
Microsoft Visual Studio Solution File, Format Version 12.00
# Visual Studio Version 16
VisualStudioVersion = 16.0.30413.136
MinimumVisualStudioVersion = 10.0.40219.1
Project("{FAE04EC0-301F-11D3-BF4B-00C04F79EFBC}") = "CAI_Facultad", "CAI_Facultad\CAI_Facultad.csproj", "{C4D56085-6A9C-44AE-ADD6-F9D6EB13E9D4}"
EndProject
Project("{FAE04EC0-301F-11D3-BF4B-00C04F79EFBC}") = "Facultad", "Facultad\Facultad.csproj", "{E523ECF3-BCAB-45EC-82E8-5FE7CC223385}"
EndProject
Global
	GlobalSection(SolutionConfigurationPlatforms) = preSolution
		Debug|Any CPU = Debug|Any CPU
		Release|Any CPU = Release|Any CPU
	EndGlobalSection
	GlobalSection(ProjectConfigurationPlatforms) = postSolution
		{C4D56085-6A9C-44AE-ADD6-F9D6EB13E9D4}.Debug|Any CPU.ActiveCfg = Debug|Any CPU
		{C4D56085-6A9C-44AE-ADD6-F9D6EB13E9D4}.Debug|Any CPU.Build.0 = Debug|Any CPU
		{C4D56085-6A9C-44AE-ADD6-F9D6EB13E9D4}.Release|Any CPU.ActiveCfg = Release|Any CPU
		{C4D56085-6A9C-44AE-ADD6-F9D6EB13E9D4}.Release|Any CPU.Build.0 = Release|Any CPU
		{E523ECF3-BCAB-45EC-82E8-5FE7CC223385}.Debug|Any CPU.ActiveCfg = Debug|Any CPU
		{E523ECF3-BCAB-45EC-82E8-5FE7CC223385}.Debug|Any CPU.Build.0 = Debug|Any CPU
		{E523ECF3-BCAB-45EC-82E8-5FE7CC223385}.Release|Any CPU.ActiveCfg = Release|Any CPU
		{E523ECF3-BCAB-45EC-82E8-5FE7CC223385}.Release|Any CPU.Build.0 = Release|Any CPU
	EndGlobalSection
	GlobalSection(SolutionProperties) = preSolution
		HideSolutionNode = FALSE
	EndGlobalSection
	GlobalSection(ExtensibilityGlobals) = postSolution
		SolutionGuid = {0DC801F0-82B7-4941-87C4-E935D7CC9946}
	EndGlobalSection
EndGlobal
